// !$*UTF8*$!
{
	archiveVersion = 1;
	classes = {
	};
	objectVersion = 46;
	objects = {

/* Begin PBXBuildFile section */
		860E31711EC76EAB00A6E74A /* TestingExampleUserDefaultTests.swift in Sources */ = {isa = PBXBuildFile; fileRef = 860E31701EC76EAB00A6E74A /* TestingExampleUserDefaultTests.swift */; };
		860E317F1EC77D0700A6E74A /* TestingExampleTableViewTests.swift in Sources */ = {isa = PBXBuildFile; fileRef = 860E317E1EC77D0700A6E74A /* TestingExampleTableViewTests.swift */; };
		860E31871EC77F2100A6E74A /* abbaData.json in Resources */ = {isa = PBXBuildFile; fileRef = 860E31861EC77F2100A6E74A /* abbaData.json */; };
		860E31891EC7823400A6E74A /* ApiManagerMock.swift in Sources */ = {isa = PBXBuildFile; fileRef = 860E31881EC7823400A6E74A /* ApiManagerMock.swift */; };
		860E31911EC81CD600A6E74A /* TestingExampleUITestsAddToFavorite.swift in Sources */ = {isa = PBXBuildFile; fileRef = 860E31901EC81CD600A6E74A /* TestingExampleUITestsAddToFavorite.swift */; };
		862207F71EC57105002FF64C /* AppDelegate.swift in Sources */ = {isa = PBXBuildFile; fileRef = 862207F61EC57105002FF64C /* AppDelegate.swift */; };
		862207F91EC57105002FF64C /* TotalCountViewController.swift in Sources */ = {isa = PBXBuildFile; fileRef = 862207F81EC57105002FF64C /* TotalCountViewController.swift */; };
		862207FC1EC57105002FF64C /* Main.storyboard in Resources */ = {isa = PBXBuildFile; fileRef = 862207FA1EC57105002FF64C /* Main.storyboard */; };
		862207FE1EC57105002FF64C /* Assets.xcassets in Resources */ = {isa = PBXBuildFile; fileRef = 862207FD1EC57105002FF64C /* Assets.xcassets */; };
		862208011EC57105002FF64C /* LaunchScreen.storyboard in Resources */ = {isa = PBXBuildFile; fileRef = 862207FF1EC57105002FF64C /* LaunchScreen.storyboard */; };
		862282C91EC6E3F90012B835 /* SearchMusicViewController.swift in Sources */ = {isa = PBXBuildFile; fileRef = 862282C81EC6E3F90012B835 /* SearchMusicViewController.swift */; };
		862282CB1EC6EC600012B835 /* APIManager.swift in Sources */ = {isa = PBXBuildFile; fileRef = 862282CA1EC6EC600012B835 /* APIManager.swift */; };
		862282CD1EC6F4BF0012B835 /* ParseJsonManager.swift in Sources */ = {isa = PBXBuildFile; fileRef = 862282CC1EC6F4BF0012B835 /* ParseJsonManager.swift */; };
		862282CF1EC6F6580012B835 /* Music.swift in Sources */ = {isa = PBXBuildFile; fileRef = 862282CE1EC6F6580012B835 /* Music.swift */; };
		8627E6A51EC762B100175FC0 /* TestingExampleDataRequestTests.swift in Sources */ = {isa = PBXBuildFile; fileRef = 8627E6A41EC762B100175FC0 /* TestingExampleDataRequestTests.swift */; };
		8627E6AD1EC7636100175FC0 /* abbaData.json in Resources */ = {isa = PBXBuildFile; fileRef = 8627E6AC1EC7636100175FC0 /* abbaData.json */; };
/* End PBXBuildFile section */

/* Begin PBXContainerItemProxy section */
		860E31731EC76EAB00A6E74A /* PBXContainerItemProxy */ = {
			isa = PBXContainerItemProxy;
			containerPortal = 862207EB1EC57105002FF64C /* Project object */;
			proxyType = 1;
			remoteGlobalIDString = 862207F21EC57105002FF64C;
			remoteInfo = TestingExample;
		};
		860E31811EC77D0700A6E74A /* PBXContainerItemProxy */ = {
			isa = PBXContainerItemProxy;
			containerPortal = 862207EB1EC57105002FF64C /* Project object */;
			proxyType = 1;
			remoteGlobalIDString = 862207F21EC57105002FF64C;
			remoteInfo = TestingExample;
		};
		860E31931EC81CD600A6E74A /* PBXContainerItemProxy */ = {
			isa = PBXContainerItemProxy;
			containerPortal = 862207EB1EC57105002FF64C /* Project object */;
			proxyType = 1;
			remoteGlobalIDString = 862207F21EC57105002FF64C;
			remoteInfo = TestingExample;
		};
		8627E6A71EC762B100175FC0 /* PBXContainerItemProxy */ = {
			isa = PBXContainerItemProxy;
			containerPortal = 862207EB1EC57105002FF64C /* Project object */;
			proxyType = 1;
			remoteGlobalIDString = 862207F21EC57105002FF64C;
			remoteInfo = TestingExample;
		};
/* End PBXContainerItemProxy section */

/* Begin PBXFileReference section */
		860E316E1EC76EAB00A6E74A /* TestingExampleUserDefaultTests.xctest */ = {isa = PBXFileReference; explicitFileType = wrapper.cfbundle; includeInIndex = 0; path = TestingExampleUserDefaultTests.xctest; sourceTree = BUILT_PRODUCTS_DIR; };
		860E31701EC76EAB00A6E74A /* TestingExampleUserDefaultTests.swift */ = {isa = PBXFileReference; lastKnownFileType = sourcecode.swift; path = TestingExampleUserDefaultTests.swift; sourceTree = "<group>"; };
		860E31721EC76EAB00A6E74A /* Info.plist */ = {isa = PBXFileReference; lastKnownFileType = text.plist.xml; path = Info.plist; sourceTree = "<group>"; };
		860E317C1EC77D0700A6E74A /* TestingExampleTableViewTests.xctest */ = {isa = PBXFileReference; explicitFileType = wrapper.cfbundle; includeInIndex = 0; path = TestingExampleTableViewTests.xctest; sourceTree = BUILT_PRODUCTS_DIR; };
		860E317E1EC77D0700A6E74A /* TestingExampleTableViewTests.swift */ = {isa = PBXFileReference; lastKnownFileType = sourcecode.swift; path = TestingExampleTableViewTests.swift; sourceTree = "<group>"; };
		860E31801EC77D0700A6E74A /* Info.plist */ = {isa = PBXFileReference; lastKnownFileType = text.plist.xml; path = Info.plist; sourceTree = "<group>"; };
		860E31861EC77F2100A6E74A /* abbaData.json */ = {isa = PBXFileReference; fileEncoding = 4; lastKnownFileType = text.json; path = abbaData.json; sourceTree = "<group>"; };
		860E31881EC7823400A6E74A /* ApiManagerMock.swift */ = {isa = PBXFileReference; fileEncoding = 4; lastKnownFileType = sourcecode.swift; path = ApiManagerMock.swift; sourceTree = "<group>"; };
		860E318E1EC81CD500A6E74A /* TestingExampleUITestsAddToFavorite.xctest */ = {isa = PBXFileReference; explicitFileType = wrapper.cfbundle; includeInIndex = 0; path = TestingExampleUITestsAddToFavorite.xctest; sourceTree = BUILT_PRODUCTS_DIR; };
		860E31901EC81CD600A6E74A /* TestingExampleUITestsAddToFavorite.swift */ = {isa = PBXFileReference; lastKnownFileType = sourcecode.swift; path = TestingExampleUITestsAddToFavorite.swift; sourceTree = "<group>"; };
		860E31921EC81CD600A6E74A /* Info.plist */ = {isa = PBXFileReference; lastKnownFileType = text.plist.xml; path = Info.plist; sourceTree = "<group>"; };
		862207F31EC57105002FF64C /* TestingExample.app */ = {isa = PBXFileReference; explicitFileType = wrapper.application; includeInIndex = 0; path = TestingExample.app; sourceTree = BUILT_PRODUCTS_DIR; };
		862207F61EC57105002FF64C /* AppDelegate.swift */ = {isa = PBXFileReference; lastKnownFileType = sourcecode.swift; path = AppDelegate.swift; sourceTree = "<group>"; };
		862207F81EC57105002FF64C /* TotalCountViewController.swift */ = {isa = PBXFileReference; lastKnownFileType = sourcecode.swift; path = TotalCountViewController.swift; sourceTree = "<group>"; };
		862207FB1EC57105002FF64C /* Base */ = {isa = PBXFileReference; lastKnownFileType = file.storyboard; name = Base; path = Base.lproj/Main.storyboard; sourceTree = "<group>"; };
		862207FD1EC57105002FF64C /* Assets.xcassets */ = {isa = PBXFileReference; lastKnownFileType = folder.assetcatalog; path = Assets.xcassets; sourceTree = "<group>"; };
		862208001EC57105002FF64C /* Base */ = {isa = PBXFileReference; lastKnownFileType = file.storyboard; name = Base; path = Base.lproj/LaunchScreen.storyboard; sourceTree = "<group>"; };
		862208021EC57105002FF64C /* Info.plist */ = {isa = PBXFileReference; lastKnownFileType = text.plist.xml; path = Info.plist; sourceTree = "<group>"; };
		862282C81EC6E3F90012B835 /* SearchMusicViewController.swift */ = {isa = PBXFileReference; fileEncoding = 4; lastKnownFileType = sourcecode.swift; path = SearchMusicViewController.swift; sourceTree = "<group>"; };
		862282CA1EC6EC600012B835 /* APIManager.swift */ = {isa = PBXFileReference; fileEncoding = 4; lastKnownFileType = sourcecode.swift; path = APIManager.swift; sourceTree = "<group>"; };
		862282CC1EC6F4BF0012B835 /* ParseJsonManager.swift */ = {isa = PBXFileReference; fileEncoding = 4; lastKnownFileType = sourcecode.swift; path = ParseJsonManager.swift; sourceTree = "<group>"; };
		862282CE1EC6F6580012B835 /* Music.swift */ = {isa = PBXFileReference; fileEncoding = 4; lastKnownFileType = sourcecode.swift; path = Music.swift; sourceTree = "<group>"; };
		8627E6A21EC762B100175FC0 /* TestingExampleDataRequestTests.xctest */ = {isa = PBXFileReference; explicitFileType = wrapper.cfbundle; includeInIndex = 0; path = TestingExampleDataRequestTests.xctest; sourceTree = BUILT_PRODUCTS_DIR; };
		8627E6A41EC762B100175FC0 /* TestingExampleDataRequestTests.swift */ = {isa = PBXFileReference; lastKnownFileType = sourcecode.swift; path = TestingExampleDataRequestTests.swift; sourceTree = "<group>"; };
		8627E6A61EC762B100175FC0 /* Info.plist */ = {isa = PBXFileReference; lastKnownFileType = text.plist.xml; path = Info.plist; sourceTree = "<group>"; };
		8627E6AC1EC7636100175FC0 /* abbaData.json */ = {isa = PBXFileReference; fileEncoding = 4; lastKnownFileType = text.json; path = abbaData.json; sourceTree = "<group>"; };
/* End PBXFileReference section */

/* Begin PBXFrameworksBuildPhase section */
		860E316B1EC76EAB00A6E74A /* Frameworks */ = {
			isa = PBXFrameworksBuildPhase;
			buildActionMask = 2147483647;
			files = (
			);
			runOnlyForDeploymentPostprocessing = 0;
		};
		860E31791EC77D0700A6E74A /* Frameworks */ = {
			isa = PBXFrameworksBuildPhase;
			buildActionMask = 2147483647;
			files = (
			);
			runOnlyForDeploymentPostprocessing = 0;
		};
		860E318B1EC81CD500A6E74A /* Frameworks */ = {
			isa = PBXFrameworksBuildPhase;
			buildActionMask = 2147483647;
			files = (
			);
			runOnlyForDeploymentPostprocessing = 0;
		};
		862207F01EC57105002FF64C /* Frameworks */ = {
			isa = PBXFrameworksBuildPhase;
			buildActionMask = 2147483647;
			files = (
			);
			runOnlyForDeploymentPostprocessing = 0;
		};
		8627E69F1EC762B100175FC0 /* Frameworks */ = {
			isa = PBXFrameworksBuildPhase;
			buildActionMask = 2147483647;
			files = (
			);
			runOnlyForDeploymentPostprocessing = 0;
		};
/* End PBXFrameworksBuildPhase section */

/* Begin PBXGroup section */
		860E316F1EC76EAB00A6E74A /* TestingExampleUserDefaultTests */ = {
			isa = PBXGroup;
			children = (
				860E31701EC76EAB00A6E74A /* TestingExampleUserDefaultTests.swift */,
				860E31721EC76EAB00A6E74A /* Info.plist */,
			);
			path = TestingExampleUserDefaultTests;
			sourceTree = "<group>";
		};
		860E317D1EC77D0700A6E74A /* TestingExampleTableViewTests */ = {
			isa = PBXGroup;
			children = (
				860E31861EC77F2100A6E74A /* abbaData.json */,
				860E317E1EC77D0700A6E74A /* TestingExampleTableViewTests.swift */,
				860E31801EC77D0700A6E74A /* Info.plist */,
			);
			path = TestingExampleTableViewTests;
			sourceTree = "<group>";
		};
		860E318F1EC81CD600A6E74A /* TestingExampleUITestsAddToFavorite */ = {
			isa = PBXGroup;
			children = (
				860E31901EC81CD600A6E74A /* TestingExampleUITestsAddToFavorite.swift */,
				860E31921EC81CD600A6E74A /* Info.plist */,
			);
			path = TestingExampleUITestsAddToFavorite;
			sourceTree = "<group>";
		};
		862207EA1EC57105002FF64C = {
			isa = PBXGroup;
			children = (
				862207F51EC57105002FF64C /* TestingExample */,
				8627E6A31EC762B100175FC0 /* TestingExampleDataRequestTests */,
				860E316F1EC76EAB00A6E74A /* TestingExampleUserDefaultTests */,
				860E317D1EC77D0700A6E74A /* TestingExampleTableViewTests */,
				860E318F1EC81CD600A6E74A /* TestingExampleUITestsAddToFavorite */,
				862207F41EC57105002FF64C /* Products */,
			);
			sourceTree = "<group>";
		};
		862207F41EC57105002FF64C /* Products */ = {
			isa = PBXGroup;
			children = (
				862207F31EC57105002FF64C /* TestingExample.app */,
				8627E6A21EC762B100175FC0 /* TestingExampleDataRequestTests.xctest */,
				860E316E1EC76EAB00A6E74A /* TestingExampleUserDefaultTests.xctest */,
				860E317C1EC77D0700A6E74A /* TestingExampleTableViewTests.xctest */,
				860E318E1EC81CD500A6E74A /* TestingExampleUITestsAddToFavorite.xctest */,
			);
			name = Products;
			sourceTree = "<group>";
		};
		862207F51EC57105002FF64C /* TestingExample */ = {
			isa = PBXGroup;
			children = (
				862207F61EC57105002FF64C /* AppDelegate.swift */,
				862282C81EC6E3F90012B835 /* SearchMusicViewController.swift */,
				862207F81EC57105002FF64C /* TotalCountViewController.swift */,
				862282CE1EC6F6580012B835 /* Music.swift */,
				862282CA1EC6EC600012B835 /* APIManager.swift */,
				862282CC1EC6F4BF0012B835 /* ParseJsonManager.swift */,
				860E31881EC7823400A6E74A /* ApiManagerMock.swift */,
				862207FA1EC57105002FF64C /* Main.storyboard */,
				862207FD1EC57105002FF64C /* Assets.xcassets */,
				862207FF1EC57105002FF64C /* LaunchScreen.storyboard */,
				862208021EC57105002FF64C /* Info.plist */,
			);
			path = TestingExample;
			sourceTree = "<group>";
		};
		8627E6A31EC762B100175FC0 /* TestingExampleDataRequestTests */ = {
			isa = PBXGroup;
			children = (
				8627E6A41EC762B100175FC0 /* TestingExampleDataRequestTests.swift */,
				8627E6AC1EC7636100175FC0 /* abbaData.json */,
				8627E6A61EC762B100175FC0 /* Info.plist */,
			);
			path = TestingExampleDataRequestTests;
			sourceTree = "<group>";
		};
/* End PBXGroup section */

/* Begin PBXNativeTarget section */
		860E316D1EC76EAB00A6E74A /* TestingExampleUserDefaultTests */ = {
			isa = PBXNativeTarget;
			buildConfigurationList = 860E31751EC76EAB00A6E74A /* Build configuration list for PBXNativeTarget "TestingExampleUserDefaultTests" */;
			buildPhases = (
				860E316A1EC76EAB00A6E74A /* Sources */,
				860E316B1EC76EAB00A6E74A /* Frameworks */,
				860E316C1EC76EAB00A6E74A /* Resources */,
			);
			buildRules = (
			);
			dependencies = (
				860E31741EC76EAB00A6E74A /* PBXTargetDependency */,
			);
			name = TestingExampleUserDefaultTests;
			productName = TestingExampleUserDefaultTests;
			productReference = 860E316E1EC76EAB00A6E74A /* TestingExampleUserDefaultTests.xctest */;
			productType = "com.apple.product-type.bundle.unit-test";
		};
		860E317B1EC77D0700A6E74A /* TestingExampleTableViewTests */ = {
			isa = PBXNativeTarget;
			buildConfigurationList = 860E31851EC77D0700A6E74A /* Build configuration list for PBXNativeTarget "TestingExampleTableViewTests" */;
			buildPhases = (
				860E31781EC77D0700A6E74A /* Sources */,
				860E31791EC77D0700A6E74A /* Frameworks */,
				860E317A1EC77D0700A6E74A /* Resources */,
			);
			buildRules = (
			);
			dependencies = (
				860E31821EC77D0700A6E74A /* PBXTargetDependency */,
			);
			name = TestingExampleTableViewTests;
			productName = TestingExampleTableViewTests;
			productReference = 860E317C1EC77D0700A6E74A /* TestingExampleTableViewTests.xctest */;
			productType = "com.apple.product-type.bundle.unit-test";
		};
		860E318D1EC81CD500A6E74A /* TestingExampleUITestsAddToFavorite */ = {
			isa = PBXNativeTarget;
			buildConfigurationList = 860E31951EC81CD600A6E74A /* Build configuration list for PBXNativeTarget "TestingExampleUITestsAddToFavorite" */;
			buildPhases = (
				860E318A1EC81CD500A6E74A /* Sources */,
				860E318B1EC81CD500A6E74A /* Frameworks */,
				860E318C1EC81CD500A6E74A /* Resources */,
			);
			buildRules = (
			);
			dependencies = (
				860E31941EC81CD600A6E74A /* PBXTargetDependency */,
			);
			name = TestingExampleUITestsAddToFavorite;
			productName = TestingExampleUITestsAddToFavorite;
			productReference = 860E318E1EC81CD500A6E74A /* TestingExampleUITestsAddToFavorite.xctest */;
			productType = "com.apple.product-type.bundle.ui-testing";
		};
		862207F21EC57105002FF64C /* TestingExample */ = {
			isa = PBXNativeTarget;
			buildConfigurationList = 862208051EC57105002FF64C /* Build configuration list for PBXNativeTarget "TestingExample" */;
			buildPhases = (
				862207EF1EC57105002FF64C /* Sources */,
				862207F01EC57105002FF64C /* Frameworks */,
				862207F11EC57105002FF64C /* Resources */,
			);
			buildRules = (
			);
			dependencies = (
			);
			name = TestingExample;
			productName = TestingExample;
			productReference = 862207F31EC57105002FF64C /* TestingExample.app */;
			productType = "com.apple.product-type.application";
		};
		8627E6A11EC762B100175FC0 /* TestingExampleDataRequestTests */ = {
			isa = PBXNativeTarget;
			buildConfigurationList = 8627E6AB1EC762B100175FC0 /* Build configuration list for PBXNativeTarget "TestingExampleDataRequestTests" */;
			buildPhases = (
				8627E69E1EC762B100175FC0 /* Sources */,
				8627E69F1EC762B100175FC0 /* Frameworks */,
				8627E6A01EC762B100175FC0 /* Resources */,
			);
			buildRules = (
			);
			dependencies = (
				8627E6A81EC762B100175FC0 /* PBXTargetDependency */,
			);
			name = TestingExampleDataRequestTests;
			productName = TestingExampleDataRequestTests;
			productReference = 8627E6A21EC762B100175FC0 /* TestingExampleDataRequestTests.xctest */;
			productType = "com.apple.product-type.bundle.unit-test";
		};
/* End PBXNativeTarget section */

/* Begin PBXProject section */
		862207EB1EC57105002FF64C /* Project object */ = {
			isa = PBXProject;
			attributes = {
				LastSwiftUpdateCheck = 0830;
				LastUpgradeCheck = 0830;
				ORGANIZATIONNAME = Jerrywang;
				TargetAttributes = {
					860E316D1EC76EAB00A6E74A = {
						CreatedOnToolsVersion = 8.3.2;
						DevelopmentTeam = K5W4R2VRH6;
						ProvisioningStyle = Automatic;
						TestTargetID = 862207F21EC57105002FF64C;
					};
					860E317B1EC77D0700A6E74A = {
						CreatedOnToolsVersion = 8.3.2;
						DevelopmentTeam = K5W4R2VRH6;
						ProvisioningStyle = Automatic;
						TestTargetID = 862207F21EC57105002FF64C;
					};
					860E318D1EC81CD500A6E74A = {
						CreatedOnToolsVersion = 8.3.2;
						DevelopmentTeam = K5W4R2VRH6;
						ProvisioningStyle = Automatic;
						TestTargetID = 862207F21EC57105002FF64C;
					};
					862207F21EC57105002FF64C = {
						CreatedOnToolsVersion = 8.3.2;
						DevelopmentTeam = K5W4R2VRH6;
						ProvisioningStyle = Automatic;
					};
					8627E6A11EC762B100175FC0 = {
						CreatedOnToolsVersion = 8.3.2;
						DevelopmentTeam = K5W4R2VRH6;
						ProvisioningStyle = Automatic;
						TestTargetID = 862207F21EC57105002FF64C;
					};
				};
			};
			buildConfigurationList = 862207EE1EC57105002FF64C /* Build configuration list for PBXProject "TestingExample" */;
			compatibilityVersion = "Xcode 3.2";
			developmentRegion = English;
			hasScannedForEncodings = 0;
			knownRegions = (
				en,
				Base,
			);
			mainGroup = 862207EA1EC57105002FF64C;
			productRefGroup = 862207F41EC57105002FF64C /* Products */;
			projectDirPath = "";
			projectRoot = "";
			targets = (
				862207F21EC57105002FF64C /* TestingExample */,
				8627E6A11EC762B100175FC0 /* TestingExampleDataRequestTests */,
				860E316D1EC76EAB00A6E74A /* TestingExampleUserDefaultTests */,
				860E317B1EC77D0700A6E74A /* TestingExampleTableViewTests */,
				860E318D1EC81CD500A6E74A /* TestingExampleUITestsAddToFavorite */,
			);
		};
/* End PBXProject section */

/* Begin PBXResourcesBuildPhase section */
		860E316C1EC76EAB00A6E74A /* Resources */ = {
			isa = PBXResourcesBuildPhase;
			buildActionMask = 2147483647;
			files = (
			);
			runOnlyForDeploymentPostprocessing = 0;
		};
		860E317A1EC77D0700A6E74A /* Resources */ = {
			isa = PBXResourcesBuildPhase;
			buildActionMask = 2147483647;
			files = (
				860E31871EC77F2100A6E74A /* abbaData.json in Resources */,
			);
			runOnlyForDeploymentPostprocessing = 0;
		};
		860E318C1EC81CD500A6E74A /* Resources */ = {
			isa = PBXResourcesBuildPhase;
			buildActionMask = 2147483647;
			files = (
			);
			runOnlyForDeploymentPostprocessing = 0;
		};
		862207F11EC57105002FF64C /* Resources */ = {
			isa = PBXResourcesBuildPhase;
			buildActionMask = 2147483647;
			files = (
				862208011EC57105002FF64C /* LaunchScreen.storyboard in Resources */,
				862207FE1EC57105002FF64C /* Assets.xcassets in Resources */,
				862207FC1EC57105002FF64C /* Main.storyboard in Resources */,
			);
			runOnlyForDeploymentPostprocessing = 0;
		};
		8627E6A01EC762B100175FC0 /* Resources */ = {
			isa = PBXResourcesBuildPhase;
			buildActionMask = 2147483647;
			files = (
				8627E6AD1EC7636100175FC0 /* abbaData.json in Resources */,
			);
			runOnlyForDeploymentPostprocessing = 0;
		};
/* End PBXResourcesBuildPhase section */

/* Begin PBXSourcesBuildPhase section */
		860E316A1EC76EAB00A6E74A /* Sources */ = {
			isa = PBXSourcesBuildPhase;
			buildActionMask = 2147483647;
			files = (
				860E31711EC76EAB00A6E74A /* TestingExampleUserDefaultTests.swift in Sources */,
			);
			runOnlyForDeploymentPostprocessing = 0;
		};
		860E31781EC77D0700A6E74A /* Sources */ = {
			isa = PBXSourcesBuildPhase;
			buildActionMask = 2147483647;
			files = (
				860E317F1EC77D0700A6E74A /* TestingExampleTableViewTests.swift in Sources */,
			);
			runOnlyForDeploymentPostprocessing = 0;
		};
		860E318A1EC81CD500A6E74A /* Sources */ = {
			isa = PBXSourcesBuildPhase;
			buildActionMask = 2147483647;
			files = (
				860E31911EC81CD600A6E74A /* TestingExampleUITestsAddToFavorite.swift in Sources */,
			);
			runOnlyForDeploymentPostprocessing = 0;
		};
		862207EF1EC57105002FF64C /* Sources */ = {
			isa = PBXSourcesBuildPhase;
			buildActionMask = 2147483647;
			files = (
				862282CB1EC6EC600012B835 /* APIManager.swift in Sources */,
				862282CD1EC6F4BF0012B835 /* ParseJsonManager.swift in Sources */,
				862282C91EC6E3F90012B835 /* SearchMusicViewController.swift in Sources */,
				862207F91EC57105002FF64C /* TotalCountViewController.swift in Sources */,
				860E31891EC7823400A6E74A /* ApiManagerMock.swift in Sources */,
				862207F71EC57105002FF64C /* AppDelegate.swift in Sources */,
				862282CF1EC6F6580012B835 /* Music.swift in Sources */,
			);
			runOnlyForDeploymentPostprocessing = 0;
		};
		8627E69E1EC762B100175FC0 /* Sources */ = {
			isa = PBXSourcesBuildPhase;
			buildActionMask = 2147483647;
			files = (
				8627E6A51EC762B100175FC0 /* TestingExampleDataRequestTests.swift in Sources */,
			);
			runOnlyForDeploymentPostprocessing = 0;
		};
/* End PBXSourcesBuildPhase section */

/* Begin PBXTargetDependency section */
		860E31741EC76EAB00A6E74A /* PBXTargetDependency */ = {
			isa = PBXTargetDependency;
			target = 862207F21EC57105002FF64C /* TestingExample */;
			targetProxy = 860E31731EC76EAB00A6E74A /* PBXContainerItemProxy */;
		};
		860E31821EC77D0700A6E74A /* PBXTargetDependency */ = {
			isa = PBXTargetDependency;
			target = 862207F21EC57105002FF64C /* TestingExample */;
			targetProxy = 860E31811EC77D0700A6E74A /* PBXContainerItemProxy */;
		};
		860E31941EC81CD600A6E74A /* PBXTargetDependency */ = {
			isa = PBXTargetDependency;
			target = 862207F21EC57105002FF64C /* TestingExample */;
			targetProxy = 860E31931EC81CD600A6E74A /* PBXContainerItemProxy */;
		};
		8627E6A81EC762B100175FC0 /* PBXTargetDependency */ = {
			isa = PBXTargetDependency;
			target = 862207F21EC57105002FF64C /* TestingExample */;
			targetProxy = 8627E6A71EC762B100175FC0 /* PBXContainerItemProxy */;
		};
/* End PBXTargetDependency section */

/* Begin PBXVariantGroup section */
		862207FA1EC57105002FF64C /* Main.storyboard */ = {
			isa = PBXVariantGroup;
			children = (
				862207FB1EC57105002FF64C /* Base */,
			);
			name = Main.storyboard;
			sourceTree = "<group>";
		};
		862207FF1EC57105002FF64C /* LaunchScreen.storyboard */ = {
			isa = PBXVariantGroup;
			children = (
				862208001EC57105002FF64C /* Base */,
			);
			name = LaunchScreen.storyboard;
			sourceTree = "<group>";
		};
/* End PBXVariantGroup section */

/* Begin XCBuildConfiguration section */
		860E31761EC76EAB00A6E74A /* Debug */ = {
			isa = XCBuildConfiguration;
			buildSettings = {
				BUNDLE_LOADER = "$(TEST_HOST)";
				DEVELOPMENT_TEAM = K5W4R2VRH6;
				INFOPLIST_FILE = TestingExampleUserDefaultTests/Info.plist;
				LD_RUNPATH_SEARCH_PATHS = "$(inherited) @executable_path/Frameworks @loader_path/Frameworks";
				PRODUCT_BUNDLE_IDENTIFIER = com.JerryWang.TestingExampleUserDefaultTests;
				PRODUCT_NAME = "$(TARGET_NAME)";
				SWIFT_VERSION = 3.0;
				TEST_HOST = "$(BUILT_PRODUCTS_DIR)/TestingExample.app/TestingExample";
			};
			name = Debug;
		};
		860E31771EC76EAB00A6E74A /* Release */ = {
			isa = XCBuildConfiguration;
			buildSettings = {
				BUNDLE_LOADER = "$(TEST_HOST)";
				DEVELOPMENT_TEAM = K5W4R2VRH6;
				INFOPLIST_FILE = TestingExampleUserDefaultTests/Info.plist;
				LD_RUNPATH_SEARCH_PATHS = "$(inherited) @executable_path/Frameworks @loader_path/Frameworks";
				PRODUCT_BUNDLE_IDENTIFIER = com.JerryWang.TestingExampleUserDefaultTests;
				PRODUCT_NAME = "$(TARGET_NAME)";
				SWIFT_VERSION = 3.0;
				TEST_HOST = "$(BUILT_PRODUCTS_DIR)/TestingExample.app/TestingExample";
			};
			name = Release;
		};
		860E31831EC77D0700A6E74A /* Debug */ = {
			isa = XCBuildConfiguration;
			buildSettings = {
				BUNDLE_LOADER = "$(TEST_HOST)";
				DEVELOPMENT_TEAM = K5W4R2VRH6;
				INFOPLIST_FILE = TestingExampleTableViewTests/Info.plist;
				LD_RUNPATH_SEARCH_PATHS = "$(inherited) @executable_path/Frameworks @loader_path/Frameworks";
				PRODUCT_BUNDLE_IDENTIFIER = com.JerryWang.TestingExampleTableViewTests;
				PRODUCT_NAME = "$(TARGET_NAME)";
				SWIFT_VERSION = 3.0;
				TEST_HOST = "$(BUILT_PRODUCTS_DIR)/TestingExample.app/TestingExample";
			};
			name = Debug;
		};
		860E31841EC77D0700A6E74A /* Release */ = {
			isa = XCBuildConfiguration;
			buildSettings = {
				BUNDLE_LOADER = "$(TEST_HOST)";
				DEVELOPMENT_TEAM = K5W4R2VRH6;
				INFOPLIST_FILE = TestingExampleTableViewTests/Info.plist;
				LD_RUNPATH_SEARCH_PATHS = "$(inherited) @executable_path/Frameworks @loader_path/Frameworks";
				PRODUCT_BUNDLE_IDENTIFIER = com.JerryWang.TestingExampleTableViewTests;
				PRODUCT_NAME = "$(TARGET_NAME)";
				SWIFT_VERSION = 3.0;
				TEST_HOST = "$(BUILT_PRODUCTS_DIR)/TestingExample.app/TestingExample";
			};
			name = Release;
		};
		860E31961EC81CD600A6E74A /* Debug */ = {
			isa = XCBuildConfiguration;
			buildSettings = {
				DEVELOPMENT_TEAM = K5W4R2VRH6;
				INFOPLIST_FILE = TestingExampleUITestsAddToFavorite/Info.plist;
				LD_RUNPATH_SEARCH_PATHS = "$(inherited) @executable_path/Frameworks @loader_path/Frameworks";
				PRODUCT_BUNDLE_IDENTIFIER = com.JerryWang.TestingExampleUITestsAddToFavorite;
				PRODUCT_NAME = "$(TARGET_NAME)";
				SWIFT_VERSION = 3.0;
				TEST_TARGET_NAME = TestingExample;
			};
			name = Debug;
		};
		860E31971EC81CD600A6E74A /* Release */ = {
			isa = XCBuildConfiguration;
			buildSettings = {
				DEVELOPMENT_TEAM = K5W4R2VRH6;
				INFOPLIST_FILE = TestingExampleUITestsAddToFavorite/Info.plist;
				LD_RUNPATH_SEARCH_PATHS = "$(inherited) @executable_path/Frameworks @loader_path/Frameworks";
				PRODUCT_BUNDLE_IDENTIFIER = com.JerryWang.TestingExampleUITestsAddToFavorite;
				PRODUCT_NAME = "$(TARGET_NAME)";
				SWIFT_VERSION = 3.0;
				TEST_TARGET_NAME = TestingExample;
			};
			name = Release;
		};
		862208031EC57105002FF64C /* Debug */ = {
			isa = XCBuildConfiguration;
			buildSettings = {
				ALWAYS_SEARCH_USER_PATHS = NO;
				CLANG_ANALYZER_NONNULL = YES;
				CLANG_ANALYZER_NUMBER_OBJECT_CONVERSION = YES_AGGRESSIVE;
				CLANG_CXX_LANGUAGE_STANDARD = "gnu++0x";
				CLANG_CXX_LIBRARY = "libc++";
				CLANG_ENABLE_MODULES = YES;
				CLANG_ENABLE_OBJC_ARC = YES;
				CLANG_WARN_BOOL_CONVERSION = YES;
				CLANG_WARN_CONSTANT_CONVERSION = YES;
				CLANG_WARN_DIRECT_OBJC_ISA_USAGE = YES_ERROR;
				CLANG_WARN_DOCUMENTATION_COMMENTS = YES;
				CLANG_WARN_EMPTY_BODY = YES;
				CLANG_WARN_ENUM_CONVERSION = YES;
				CLANG_WARN_INFINITE_RECURSION = YES;
				CLANG_WARN_INT_CONVERSION = YES;
				CLANG_WARN_OBJC_ROOT_CLASS = YES_ERROR;
				CLANG_WARN_SUSPICIOUS_MOVE = YES;
				CLANG_WARN_UNREACHABLE_CODE = YES;
				CLANG_WARN__DUPLICATE_METHOD_MATCH = YES;
				"CODE_SIGN_IDENTITY[sdk=iphoneos*]" = "iPhone Developer";
				COPY_PHASE_STRIP = NO;
				DEBUG_INFORMATION_FORMAT = dwarf;
				ENABLE_STRICT_OBJC_MSGSEND = YES;
				ENABLE_TESTABILITY = YES;
				GCC_C_LANGUAGE_STANDARD = gnu99;
				GCC_DYNAMIC_NO_PIC = NO;
				GCC_NO_COMMON_BLOCKS = YES;
				GCC_OPTIMIZATION_LEVEL = 0;
				GCC_PREPROCESSOR_DEFINITIONS = (
					"DEBUG=1",
					"$(inherited)",
				);
				GCC_WARN_64_TO_32_BIT_CONVERSION = YES;
				GCC_WARN_ABOUT_RETURN_TYPE = YES_ERROR;
				GCC_WARN_UNDECLARED_SELECTOR = YES;
				GCC_WARN_UNINITIALIZED_AUTOS = YES_AGGRESSIVE;
				GCC_WARN_UNUSED_FUNCTION = YES;
				GCC_WARN_UNUSED_VARIABLE = YES;
				IPHONEOS_DEPLOYMENT_TARGET = 10.3;
				MTL_ENABLE_DEBUG_INFO = YES;
				ONLY_ACTIVE_ARCH = YES;
				SDKROOT = iphoneos;
				SWIFT_ACTIVE_COMPILATION_CONDITIONS = DEBUG;
				SWIFT_OPTIMIZATION_LEVEL = "-Onone";
				TARGETED_DEVICE_FAMILY = "1,2";
			};
			name = Debug;
		};
		862208041EC57105002FF64C /* Release */ = {
			isa = XCBuildConfiguration;
			buildSettings = {
				ALWAYS_SEARCH_USER_PATHS = NO;
				CLANG_ANALYZER_NONNULL = YES;
				CLANG_ANALYZER_NUMBER_OBJECT_CONVERSION = YES_AGGRESSIVE;
				CLANG_CXX_LANGUAGE_STANDARD = "gnu++0x";
				CLANG_CXX_LIBRARY = "libc++";
				CLANG_ENABLE_MODULES = YES;
				CLANG_ENABLE_OBJC_ARC = YES;
				CLANG_WARN_BOOL_CONVERSION = YES;
				CLANG_WARN_CONSTANT_CONVERSION = YES;
				CLANG_WARN_DIRECT_OBJC_ISA_USAGE = YES_ERROR;
				CLANG_WARN_DOCUMENTATION_COMMENTS = YES;
				CLANG_WARN_EMPTY_BODY = YES;
				CLANG_WARN_ENUM_CONVERSION = YES;
				CLANG_WARN_INFINITE_RECURSION = YES;
				CLANG_WARN_INT_CONVERSION = YES;
				CLANG_WARN_OBJC_ROOT_CLASS = YES_ERROR;
				CLANG_WARN_SUSPICIOUS_MOVE = YES;
				CLANG_WARN_UNREACHABLE_CODE = YES;
				CLANG_WARN__DUPLICATE_METHOD_MATCH = YES;
				"CODE_SIGN_IDENTITY[sdk=iphoneos*]" = "iPhone Developer";
				COPY_PHASE_STRIP = NO;
				DEBUG_INFORMATION_FORMAT = "dwarf-with-dsym";
				ENABLE_NS_ASSERTIONS = NO;
				ENABLE_STRICT_OBJC_MSGSEND = YES;
				GCC_C_LANGUAGE_STANDARD = gnu99;
				GCC_NO_COMMON_BLOCKS = YES;
				GCC_WARN_64_TO_32_BIT_CONVERSION = YES;
				GCC_WARN_ABOUT_RETURN_TYPE = YES_ERROR;
				GCC_WARN_UNDECLARED_SELECTOR = YES;
				GCC_WARN_UNINITIALIZED_AUTOS = YES_AGGRESSIVE;
				GCC_WARN_UNUSED_FUNCTION = YES;
				GCC_WARN_UNUSED_VARIABLE = YES;
				IPHONEOS_DEPLOYMENT_TARGET = 10.3;
				MTL_ENABLE_DEBUG_INFO = NO;
				SDKROOT = iphoneos;
				SWIFT_OPTIMIZATION_LEVEL = "-Owholemodule";
				TARGETED_DEVICE_FAMILY = "1,2";
				VALIDATE_PRODUCT = YES;
			};
			name = Release;
		};
		862208061EC57105002FF64C /* Debug */ = {
			isa = XCBuildConfiguration;
			buildSettings = {
				ASSETCATALOG_COMPILER_APPICON_NAME = AppIcon;
				DEVELOPMENT_TEAM = K5W4R2VRH6;
				INFOPLIST_FILE = TestingExample/Info.plist;
				LD_RUNPATH_SEARCH_PATHS = "$(inherited) @executable_path/Frameworks";
				PRODUCT_BUNDLE_IDENTIFIER = com.JerryWang.TestingExample;
				PRODUCT_NAME = "$(TARGET_NAME)";
				SWIFT_VERSION = 3.0;
			};
			name = Debug;
		};
		862208071EC57105002FF64C /* Release */ = {
			isa = XCBuildConfiguration;
			buildSettings = {
				ASSETCATALOG_COMPILER_APPICON_NAME = AppIcon;
				DEVELOPMENT_TEAM = K5W4R2VRH6;
				INFOPLIST_FILE = TestingExample/Info.plist;
				LD_RUNPATH_SEARCH_PATHS = "$(inherited) @executable_path/Frameworks";
				PRODUCT_BUNDLE_IDENTIFIER = com.JerryWang.TestingExample;
				PRODUCT_NAME = "$(TARGET_NAME)";
				SWIFT_VERSION = 3.0;
			};
			name = Release;
		};
		8627E6A91EC762B100175FC0 /* Debug */ = {
			isa = XCBuildConfiguration;
			buildSettings = {
				BUNDLE_LOADER = "$(TEST_HOST)";
				DEVELOPMENT_TEAM = K5W4R2VRH6;
				INFOPLIST_FILE = TestingExampleDataRequestTests/Info.plist;
				LD_RUNPATH_SEARCH_PATHS = "$(inherited) @executable_path/Frameworks @loader_path/Frameworks";
				PRODUCT_BUNDLE_IDENTIFIER = com.JerryWang.TestingExampleDataRequestTests;
				PRODUCT_NAME = "$(TARGET_NAME)";
				SWIFT_VERSION = 3.0;
				TEST_HOST = "$(BUILT_PRODUCTS_DIR)/TestingExample.app/TestingExample";
			};
			name = Debug;
		};
		8627E6AA1EC762B100175FC0 /* Release */ = {
			isa = XCBuildConfiguration;
			buildSettings = {
				BUNDLE_LOADER = "$(TEST_HOST)";
				DEVELOPMENT_TEAM = K5W4R2VRH6;
				INFOPLIST_FILE = TestingExampleDataRequestTests/Info.plist;
				LD_RUNPATH_SEARCH_PATHS = "$(inherited) @executable_path/Frameworks @loader_path/Frameworks";
				PRODUCT_BUNDLE_IDENTIFIER = com.JerryWang.TestingExampleDataRequestTests;
				PRODUCT_NAME = "$(TARGET_NAME)";
				SWIFT_VERSION = 3.0;
				TEST_HOST = "$(BUILT_PRODUCTS_DIR)/TestingExample.app/TestingExample";
			};
			name = Release;
		};
/* End XCBuildConfiguration section */

/* Begin XCConfigurationList section */
		860E31751EC76EAB00A6E74A /* Build configuration list for PBXNativeTarget "TestingExampleUserDefaultTests" */ = {
			isa = XCConfigurationList;
			buildConfigurations = (
				860E31761EC76EAB00A6E74A /* Debug */,
				860E31771EC76EAB00A6E74A /* Release */,
			);
			defaultConfigurationIsVisible = 0;
			defaultConfigurationName = Release;
		};
		860E31851EC77D0700A6E74A /* Build configuration list for PBXNativeTarget "TestingExampleTableViewTests" */ = {
			isa = XCConfigurationList;
			buildConfigurations = (
				860E31831EC77D0700A6E74A /* Debug */,
				860E31841EC77D0700A6E74A /* Release */,
			);
			defaultConfigurationIsVisible = 0;
		};
		860E31951EC81CD600A6E74A /* Build configuration list for PBXNativeTarget "TestingExampleUITestsAddToFavorite" */ = {
			isa = XCConfigurationList;
			buildConfigurations = (
				860E31961EC81CD600A6E74A /* Debug */,
				860E31971EC81CD600A6E74A /* Release */,
			);
			defaultConfigurationIsVisible = 0;
		};
		862207EE1EC57105002FF64C /* Build configuration list for PBXProject "TestingExample" */ = {
			isa = XCConfigurationList;
			buildConfigurations = (
				862208031EC57105002FF64C /* Debug */,
				862208041EC57105002FF64C /* Release */,
			);
			defaultConfigurationIsVisible = 0;
			defaultConfigurationName = Release;
		};
		862208051EC57105002FF64C /* Build configuration list for PBXNativeTarget "TestingExample" */ = {
			isa = XCConfigurationList;
			buildConfigurations = (
				862208061EC57105002FF64C /* Debug */,
				862208071EC57105002FF64C /* Release */,
			);
			defaultConfigurationIsVisible = 0;
			defaultConfigurationName = Release;
		};
		8627E6AB1EC762B100175FC0 /* Build configuration list for PBXNativeTarget "TestingExampleDataRequestTests" */ = {
			isa = XCConfigurationList;
			buildConfigurations = (
				8627E6A91EC762B100175FC0 /* Debug */,
				8627E6AA1EC762B100175FC0 /* Release */,
			);
			defaultConfigurationIsVisible = 0;
			defaultConfigurationName = Release;
		};
/* End XCConfigurationList section */
	};
	rootObject = 862207EB1EC57105002FF64C /* Project object */;
}
